// !$*UTF8*$!
{
	archiveVersion = 1;
	classes = {
	};
	objectVersion = 50;
	objects = {

/* Begin PBXBuildFile section */
		340AC93423D705E000DBABAD /* AppDelegate.swift in Sources */ = {isa = PBXBuildFile; fileRef = 340AC93323D705E000DBABAD /* AppDelegate.swift */; };
		340AC93623D705E000DBABAD /* SceneDelegate.swift in Sources */ = {isa = PBXBuildFile; fileRef = 340AC93523D705E000DBABAD /* SceneDelegate.swift */; };
		340AC93823D705E000DBABAD /* ViewController.swift in Sources */ = {isa = PBXBuildFile; fileRef = 340AC93723D705E000DBABAD /* ViewController.swift */; };
		340AC93B23D705E000DBABAD /* Main.storyboard in Resources */ = {isa = PBXBuildFile; fileRef = 340AC93923D705E000DBABAD /* Main.storyboard */; };
		340AC93D23D705E200DBABAD /* Assets.xcassets in Resources */ = {isa = PBXBuildFile; fileRef = 340AC93C23D705E200DBABAD /* Assets.xcassets */; };
		340AC94023D705E200DBABAD /* LaunchScreen.storyboard in Resources */ = {isa = PBXBuildFile; fileRef = 340AC93E23D705E200DBABAD /* LaunchScreen.storyboard */; };
		347668B323DAD6C600EF23F0 /* VisionDemoTests.swift in Sources */ = {isa = PBXBuildFile; fileRef = 347668B223DAD6C600EF23F0 /* VisionDemoTests.swift */; };
		347668C123DAEDCE00EF23F0 /* KeyboardViewController.swift in Sources */ = {isa = PBXBuildFile; fileRef = 347668C023DAEDCE00EF23F0 /* KeyboardViewController.swift */; };
		347668C523DAEDCE00EF23F0 /* TokoKeyboard.appex in Embed App Extensions */ = {isa = PBXBuildFile; fileRef = 347668BE23DAEDCE00EF23F0 /* TokoKeyboard.appex */; settings = {ATTRIBUTES = (RemoveHeadersOnCopy, ); }; };
		347668CB23DB07CC00EF23F0 /* Keyboard.xib in Resources */ = {isa = PBXBuildFile; fileRef = 347668CA23DB07CC00EF23F0 /* Keyboard.xib */; };
/* End PBXBuildFile section */

/* Begin PBXContainerItemProxy section */
		347668B523DAD6C600EF23F0 /* PBXContainerItemProxy */ = {
			isa = PBXContainerItemProxy;
			containerPortal = 340AC92823D705E000DBABAD /* Project object */;
			proxyType = 1;
			remoteGlobalIDString = 340AC92F23D705E000DBABAD;
			remoteInfo = VisionDemo;
		};
		347668C323DAEDCE00EF23F0 /* PBXContainerItemProxy */ = {
			isa = PBXContainerItemProxy;
			containerPortal = 340AC92823D705E000DBABAD /* Project object */;
			proxyType = 1;
			remoteGlobalIDString = 347668BD23DAEDCE00EF23F0;
			remoteInfo = TokoKeyboard;
		};
/* End PBXContainerItemProxy section */

/* Begin PBXCopyFilesBuildPhase section */
		347668C623DAEDCE00EF23F0 /* Embed App Extensions */ = {
			isa = PBXCopyFilesBuildPhase;
			buildActionMask = 2147483647;
			dstPath = "";
			dstSubfolderSpec = 13;
			files = (
				347668C523DAEDCE00EF23F0 /* TokoKeyboard.appex in Embed App Extensions */,
			);
			name = "Embed App Extensions";
			runOnlyForDeploymentPostprocessing = 0;
		};
/* End PBXCopyFilesBuildPhase section */

/* Begin PBXFileReference section */
		340AC93023D705E000DBABAD /* VisionDemo.app */ = {isa = PBXFileReference; explicitFileType = wrapper.application; includeInIndex = 0; path = VisionDemo.app; sourceTree = BUILT_PRODUCTS_DIR; };
		340AC93323D705E000DBABAD /* AppDelegate.swift */ = {isa = PBXFileReference; lastKnownFileType = sourcecode.swift; path = AppDelegate.swift; sourceTree = "<group>"; };
		340AC93523D705E000DBABAD /* SceneDelegate.swift */ = {isa = PBXFileReference; lastKnownFileType = sourcecode.swift; path = SceneDelegate.swift; sourceTree = "<group>"; };
		340AC93723D705E000DBABAD /* ViewController.swift */ = {isa = PBXFileReference; lastKnownFileType = sourcecode.swift; path = ViewController.swift; sourceTree = "<group>"; };
		340AC93A23D705E000DBABAD /* Base */ = {isa = PBXFileReference; lastKnownFileType = file.storyboard; name = Base; path = Base.lproj/Main.storyboard; sourceTree = "<group>"; };
		340AC93C23D705E200DBABAD /* Assets.xcassets */ = {isa = PBXFileReference; lastKnownFileType = folder.assetcatalog; path = Assets.xcassets; sourceTree = "<group>"; };
		340AC93F23D705E200DBABAD /* Base */ = {isa = PBXFileReference; lastKnownFileType = file.storyboard; name = Base; path = Base.lproj/LaunchScreen.storyboard; sourceTree = "<group>"; };
		340AC94123D705E200DBABAD /* Info.plist */ = {isa = PBXFileReference; lastKnownFileType = text.plist.xml; path = Info.plist; sourceTree = "<group>"; };
		347668B023DAD6C600EF23F0 /* VisionDemoTests.xctest */ = {isa = PBXFileReference; explicitFileType = wrapper.cfbundle; includeInIndex = 0; path = VisionDemoTests.xctest; sourceTree = BUILT_PRODUCTS_DIR; };
		347668B223DAD6C600EF23F0 /* VisionDemoTests.swift */ = {isa = PBXFileReference; lastKnownFileType = sourcecode.swift; path = VisionDemoTests.swift; sourceTree = "<group>"; };
		347668B423DAD6C600EF23F0 /* Info.plist */ = {isa = PBXFileReference; lastKnownFileType = text.plist.xml; path = Info.plist; sourceTree = "<group>"; };
		347668BE23DAEDCE00EF23F0 /* TokoKeyboard.appex */ = {isa = PBXFileReference; explicitFileType = "wrapper.app-extension"; includeInIndex = 0; path = TokoKeyboard.appex; sourceTree = BUILT_PRODUCTS_DIR; };
		347668C023DAEDCE00EF23F0 /* KeyboardViewController.swift */ = {isa = PBXFileReference; lastKnownFileType = sourcecode.swift; path = KeyboardViewController.swift; sourceTree = "<group>"; };
		347668C223DAEDCE00EF23F0 /* Info.plist */ = {isa = PBXFileReference; lastKnownFileType = text.plist.xml; path = Info.plist; sourceTree = "<group>"; };
		347668CA23DB07CC00EF23F0 /* Keyboard.xib */ = {isa = PBXFileReference; lastKnownFileType = file.xib; path = Keyboard.xib; sourceTree = "<group>"; };
/* End PBXFileReference section */

/* Begin PBXFrameworksBuildPhase section */
		340AC92D23D705E000DBABAD /* Frameworks */ = {
			isa = PBXFrameworksBuildPhase;
			buildActionMask = 2147483647;
			files = (
			);
			runOnlyForDeploymentPostprocessing = 0;
		};
		347668AD23DAD6C600EF23F0 /* Frameworks */ = {
			isa = PBXFrameworksBuildPhase;
			buildActionMask = 2147483647;
			files = (
			);
			runOnlyForDeploymentPostprocessing = 0;
		};
		347668BB23DAEDCE00EF23F0 /* Frameworks */ = {
			isa = PBXFrameworksBuildPhase;
			buildActionMask = 2147483647;
			files = (
			);
			runOnlyForDeploymentPostprocessing = 0;
		};
/* End PBXFrameworksBuildPhase section */

/* Begin PBXGroup section */
		340AC92723D705E000DBABAD = {
			isa = PBXGroup;
			children = (
				340AC93223D705E000DBABAD /* VisionDemo */,
				347668B123DAD6C600EF23F0 /* VisionDemoTests */,
				347668BF23DAEDCE00EF23F0 /* TokoKeyboard */,
				340AC93123D705E000DBABAD /* Products */,
			);
			sourceTree = "<group>";
		};
		340AC93123D705E000DBABAD /* Products */ = {
			isa = PBXGroup;
			children = (
				340AC93023D705E000DBABAD /* VisionDemo.app */,
				347668B023DAD6C600EF23F0 /* VisionDemoTests.xctest */,
				347668BE23DAEDCE00EF23F0 /* TokoKeyboard.appex */,
			);
			name = Products;
			sourceTree = "<group>";
		};
		340AC93223D705E000DBABAD /* VisionDemo */ = {
			isa = PBXGroup;
			children = (
				340AC93323D705E000DBABAD /* AppDelegate.swift */,
				340AC93523D705E000DBABAD /* SceneDelegate.swift */,
				340AC93723D705E000DBABAD /* ViewController.swift */,
				340AC93923D705E000DBABAD /* Main.storyboard */,
				340AC93C23D705E200DBABAD /* Assets.xcassets */,
				340AC93E23D705E200DBABAD /* LaunchScreen.storyboard */,
				340AC94123D705E200DBABAD /* Info.plist */,
			);
			path = VisionDemo;
			sourceTree = "<group>";
		};
		347668B123DAD6C600EF23F0 /* VisionDemoTests */ = {
			isa = PBXGroup;
			children = (
				347668B223DAD6C600EF23F0 /* VisionDemoTests.swift */,
				347668B423DAD6C600EF23F0 /* Info.plist */,
			);
			path = VisionDemoTests;
			sourceTree = "<group>";
		};
		347668BF23DAEDCE00EF23F0 /* TokoKeyboard */ = {
			isa = PBXGroup;
			children = (
				347668C023DAEDCE00EF23F0 /* KeyboardViewController.swift */,
				347668CA23DB07CC00EF23F0 /* Keyboard.xib */,
				347668C223DAEDCE00EF23F0 /* Info.plist */,
			);
			path = TokoKeyboard;
			sourceTree = "<group>";
		};
/* End PBXGroup section */

/* Begin PBXNativeTarget section */
		340AC92F23D705E000DBABAD /* VisionDemo */ = {
			isa = PBXNativeTarget;
			buildConfigurationList = 340AC94423D705E200DBABAD /* Build configuration list for PBXNativeTarget "VisionDemo" */;
			buildPhases = (
				340AC92C23D705E000DBABAD /* Sources */,
				340AC92D23D705E000DBABAD /* Frameworks */,
				340AC92E23D705E000DBABAD /* Resources */,
				347668C623DAEDCE00EF23F0 /* Embed App Extensions */,
			);
			buildRules = (
			);
			dependencies = (
				347668C423DAEDCE00EF23F0 /* PBXTargetDependency */,
			);
			name = VisionDemo;
			productName = VisionDemo;
			productReference = 340AC93023D705E000DBABAD /* VisionDemo.app */;
			productType = "com.apple.product-type.application";
		};
		347668AF23DAD6C600EF23F0 /* VisionDemoTests */ = {
			isa = PBXNativeTarget;
			buildConfigurationList = 347668B923DAD6C700EF23F0 /* Build configuration list for PBXNativeTarget "VisionDemoTests" */;
			buildPhases = (
				347668AC23DAD6C600EF23F0 /* Sources */,
				347668AD23DAD6C600EF23F0 /* Frameworks */,
				347668AE23DAD6C600EF23F0 /* Resources */,
			);
			buildRules = (
			);
			dependencies = (
				347668B623DAD6C600EF23F0 /* PBXTargetDependency */,
			);
			name = VisionDemoTests;
			productName = VisionDemoTests;
			productReference = 347668B023DAD6C600EF23F0 /* VisionDemoTests.xctest */;
			productType = "com.apple.product-type.bundle.unit-test";
		};
		347668BD23DAEDCE00EF23F0 /* TokoKeyboard */ = {
			isa = PBXNativeTarget;
			buildConfigurationList = 347668C923DAEDCE00EF23F0 /* Build configuration list for PBXNativeTarget "TokoKeyboard" */;
			buildPhases = (
				347668BA23DAEDCE00EF23F0 /* Sources */,
				347668BB23DAEDCE00EF23F0 /* Frameworks */,
				347668BC23DAEDCE00EF23F0 /* Resources */,
			);
			buildRules = (
			);
			dependencies = (
			);
			name = TokoKeyboard;
			productName = TokoKeyboard;
			productReference = 347668BE23DAEDCE00EF23F0 /* TokoKeyboard.appex */;
			productType = "com.apple.product-type.app-extension";
		};
/* End PBXNativeTarget section */

/* Begin PBXProject section */
		340AC92823D705E000DBABAD /* Project object */ = {
			isa = PBXProject;
			attributes = {
				LastSwiftUpdateCheck = 1120;
				LastUpgradeCheck = 1120;
				ORGANIZATIONNAME = "Kapil Rathore";
				TargetAttributes = {
					340AC92F23D705E000DBABAD = {
						CreatedOnToolsVersion = 11.2.1;
					};
					347668AF23DAD6C600EF23F0 = {
						CreatedOnToolsVersion = 11.2.1;
						TestTargetID = 340AC92F23D705E000DBABAD;
					};
					347668BD23DAEDCE00EF23F0 = {
						CreatedOnToolsVersion = 11.2.1;
					};
				};
			};
			buildConfigurationList = 340AC92B23D705E000DBABAD /* Build configuration list for PBXProject "VisionDemo" */;
			compatibilityVersion = "Xcode 9.3";
			developmentRegion = en;
			hasScannedForEncodings = 0;
			knownRegions = (
				en,
				Base,
			);
			mainGroup = 340AC92723D705E000DBABAD;
			productRefGroup = 340AC93123D705E000DBABAD /* Products */;
			projectDirPath = "";
			projectRoot = "";
			targets = (
				340AC92F23D705E000DBABAD /* VisionDemo */,
				347668AF23DAD6C600EF23F0 /* VisionDemoTests */,
				347668BD23DAEDCE00EF23F0 /* TokoKeyboard */,
			);
		};
/* End PBXProject section */

/* Begin PBXResourcesBuildPhase section */
		340AC92E23D705E000DBABAD /* Resources */ = {
			isa = PBXResourcesBuildPhase;
			buildActionMask = 2147483647;
			files = (
				340AC94023D705E200DBABAD /* LaunchScreen.storyboard in Resources */,
				340AC93D23D705E200DBABAD /* Assets.xcassets in Resources */,
				340AC93B23D705E000DBABAD /* Main.storyboard in Resources */,
			);
			runOnlyForDeploymentPostprocessing = 0;
		};
		347668AE23DAD6C600EF23F0 /* Resources */ = {
			isa = PBXResourcesBuildPhase;
			buildActionMask = 2147483647;
			files = (
			);
			runOnlyForDeploymentPostprocessing = 0;
		};
		347668BC23DAEDCE00EF23F0 /* Resources */ = {
			isa = PBXResourcesBuildPhase;
			buildActionMask = 2147483647;
			files = (
				347668CB23DB07CC00EF23F0 /* Keyboard.xib in Resources */,
			);
			runOnlyForDeploymentPostprocessing = 0;
		};
/* End PBXResourcesBuildPhase section */

/* Begin PBXSourcesBuildPhase section */
		340AC92C23D705E000DBABAD /* Sources */ = {
			isa = PBXSourcesBuildPhase;
			buildActionMask = 2147483647;
			files = (
				340AC93823D705E000DBABAD /* ViewController.swift in Sources */,
				340AC93423D705E000DBABAD /* AppDelegate.swift in Sources */,
				340AC93623D705E000DBABAD /* SceneDelegate.swift in Sources */,
			);
			runOnlyForDeploymentPostprocessing = 0;
		};
		347668AC23DAD6C600EF23F0 /* Sources */ = {
			isa = PBXSourcesBuildPhase;
			buildActionMask = 2147483647;
			files = (
				347668B323DAD6C600EF23F0 /* VisionDemoTests.swift in Sources */,
			);
			runOnlyForDeploymentPostprocessing = 0;
		};
		347668BA23DAEDCE00EF23F0 /* Sources */ = {
			isa = PBXSourcesBuildPhase;
			buildActionMask = 2147483647;
			files = (
				347668C123DAEDCE00EF23F0 /* KeyboardViewController.swift in Sources */,
			);
			runOnlyForDeploymentPostprocessing = 0;
		};
/* End PBXSourcesBuildPhase section */

/* Begin PBXTargetDependency section */
		347668B623DAD6C600EF23F0 /* PBXTargetDependency */ = {
			isa = PBXTargetDependency;
			target = 340AC92F23D705E000DBABAD /* VisionDemo */;
			targetProxy = 347668B523DAD6C600EF23F0 /* PBXContainerItemProxy */;
		};
		347668C423DAEDCE00EF23F0 /* PBXTargetDependency */ = {
			isa = PBXTargetDependency;
			target = 347668BD23DAEDCE00EF23F0 /* TokoKeyboard */;
			targetProxy = 347668C323DAEDCE00EF23F0 /* PBXContainerItemProxy */;
		};
/* End PBXTargetDependency section */

/* Begin PBXVariantGroup section */
		340AC93923D705E000DBABAD /* Main.storyboard */ = {
			isa = PBXVariantGroup;
			children = (
				340AC93A23D705E000DBABAD /* Base */,
			);
			name = Main.storyboard;
			sourceTree = "<group>";
		};
		340AC93E23D705E200DBABAD /* LaunchScreen.storyboard */ = {
			isa = PBXVariantGroup;
			children = (
				340AC93F23D705E200DBABAD /* Base */,
			);
			name = LaunchScreen.storyboard;
			sourceTree = "<group>";
		};
/* End PBXVariantGroup section */

/* Begin XCBuildConfiguration section */
		340AC94223D705E200DBABAD /* Debug */ = {
			isa = XCBuildConfiguration;
			buildSettings = {
				ALWAYS_SEARCH_USER_PATHS = NO;
				CLANG_ANALYZER_NONNULL = YES;
				CLANG_ANALYZER_NUMBER_OBJECT_CONVERSION = YES_AGGRESSIVE;
				CLANG_CXX_LANGUAGE_STANDARD = "gnu++14";
				CLANG_CXX_LIBRARY = "libc++";
				CLANG_ENABLE_MODULES = YES;
				CLANG_ENABLE_OBJC_ARC = YES;
				CLANG_ENABLE_OBJC_WEAK = YES;
				CLANG_WARN_BLOCK_CAPTURE_AUTORELEASING = YES;
				CLANG_WARN_BOOL_CONVERSION = YES;
				CLANG_WARN_COMMA = YES;
				CLANG_WARN_CONSTANT_CONVERSION = YES;
				CLANG_WARN_DEPRECATED_OBJC_IMPLEMENTATIONS = YES;
				CLANG_WARN_DIRECT_OBJC_ISA_USAGE = YES_ERROR;
				CLANG_WARN_DOCUMENTATION_COMMENTS = YES;
				CLANG_WARN_EMPTY_BODY = YES;
				CLANG_WARN_ENUM_CONVERSION = YES;
				CLANG_WARN_INFINITE_RECURSION = YES;
				CLANG_WARN_INT_CONVERSION = YES;
				CLANG_WARN_NON_LITERAL_NULL_CONVERSION = YES;
				CLANG_WARN_OBJC_IMPLICIT_RETAIN_SELF = YES;
				CLANG_WARN_OBJC_LITERAL_CONVERSION = YES;
				CLANG_WARN_OBJC_ROOT_CLASS = YES_ERROR;
				CLANG_WARN_RANGE_LOOP_ANALYSIS = YES;
				CLANG_WARN_STRICT_PROTOTYPES = YES;
				CLANG_WARN_SUSPICIOUS_MOVE = YES;
				CLANG_WARN_UNGUARDED_AVAILABILITY = YES_AGGRESSIVE;
				CLANG_WARN_UNREACHABLE_CODE = YES;
				CLANG_WARN__DUPLICATE_METHOD_MATCH = YES;
				COPY_PHASE_STRIP = NO;
				DEBUG_INFORMATION_FORMAT = dwarf;
				ENABLE_STRICT_OBJC_MSGSEND = YES;
				ENABLE_TESTABILITY = YES;
				GCC_C_LANGUAGE_STANDARD = gnu11;
				GCC_DYNAMIC_NO_PIC = NO;
				GCC_NO_COMMON_BLOCKS = YES;
				GCC_OPTIMIZATION_LEVEL = 0;
				GCC_PREPROCESSOR_DEFINITIONS = (
					"DEBUG=1",
					"$(inherited)",
				);
				GCC_WARN_64_TO_32_BIT_CONVERSION = YES;
				GCC_WARN_ABOUT_RETURN_TYPE = YES_ERROR;
				GCC_WARN_UNDECLARED_SELECTOR = YES;
				GCC_WARN_UNINITIALIZED_AUTOS = YES_AGGRESSIVE;
				GCC_WARN_UNUSED_FUNCTION = YES;
				GCC_WARN_UNUSED_VARIABLE = YES;
				IPHONEOS_DEPLOYMENT_TARGET = 13.2;
				MTL_ENABLE_DEBUG_INFO = INCLUDE_SOURCE;
				MTL_FAST_MATH = YES;
				ONLY_ACTIVE_ARCH = YES;
				SDKROOT = iphoneos;
				SWIFT_ACTIVE_COMPILATION_CONDITIONS = DEBUG;
				SWIFT_OPTIMIZATION_LEVEL = "-Onone";
			};
			name = Debug;
		};
		340AC94323D705E200DBABAD /* Release */ = {
			isa = XCBuildConfiguration;
			buildSettings = {
				ALWAYS_SEARCH_USER_PATHS = NO;
				CLANG_ANALYZER_NONNULL = YES;
				CLANG_ANALYZER_NUMBER_OBJECT_CONVERSION = YES_AGGRESSIVE;
				CLANG_CXX_LANGUAGE_STANDARD = "gnu++14";
				CLANG_CXX_LIBRARY = "libc++";
				CLANG_ENABLE_MODULES = YES;
				CLANG_ENABLE_OBJC_ARC = YES;
				CLANG_ENABLE_OBJC_WEAK = YES;
				CLANG_WARN_BLOCK_CAPTURE_AUTORELEASING = YES;
				CLANG_WARN_BOOL_CONVERSION = YES;
				CLANG_WARN_COMMA = YES;
				CLANG_WARN_CONSTANT_CONVERSION = YES;
				CLANG_WARN_DEPRECATED_OBJC_IMPLEMENTATIONS = YES;
				CLANG_WARN_DIRECT_OBJC_ISA_USAGE = YES_ERROR;
				CLANG_WARN_DOCUMENTATION_COMMENTS = YES;
				CLANG_WARN_EMPTY_BODY = YES;
				CLANG_WARN_ENUM_CONVERSION = YES;
				CLANG_WARN_INFINITE_RECURSION = YES;
				CLANG_WARN_INT_CONVERSION = YES;
				CLANG_WARN_NON_LITERAL_NULL_CONVERSION = YES;
				CLANG_WARN_OBJC_IMPLICIT_RETAIN_SELF = YES;
				CLANG_WARN_OBJC_LITERAL_CONVERSION = YES;
				CLANG_WARN_OBJC_ROOT_CLASS = YES_ERROR;
				CLANG_WARN_RANGE_LOOP_ANALYSIS = YES;
				CLANG_WARN_STRICT_PROTOTYPES = YES;
				CLANG_WARN_SUSPICIOUS_MOVE = YES;
				CLANG_WARN_UNGUARDED_AVAILABILITY = YES_AGGRESSIVE;
				CLANG_WARN_UNREACHABLE_CODE = YES;
				CLANG_WARN__DUPLICATE_METHOD_MATCH = YES;
				COPY_PHASE_STRIP = NO;
				DEBUG_INFORMATION_FORMAT = "dwarf-with-dsym";
				ENABLE_NS_ASSERTIONS = NO;
				ENABLE_STRICT_OBJC_MSGSEND = YES;
				GCC_C_LANGUAGE_STANDARD = gnu11;
				GCC_NO_COMMON_BLOCKS = YES;
				GCC_WARN_64_TO_32_BIT_CONVERSION = YES;
				GCC_WARN_ABOUT_RETURN_TYPE = YES_ERROR;
				GCC_WARN_UNDECLARED_SELECTOR = YES;
				GCC_WARN_UNINITIALIZED_AUTOS = YES_AGGRESSIVE;
				GCC_WARN_UNUSED_FUNCTION = YES;
				GCC_WARN_UNUSED_VARIABLE = YES;
				IPHONEOS_DEPLOYMENT_TARGET = 13.2;
				MTL_ENABLE_DEBUG_INFO = NO;
				MTL_FAST_MATH = YES;
				SDKROOT = iphoneos;
				SWIFT_COMPILATION_MODE = wholemodule;
				SWIFT_OPTIMIZATION_LEVEL = "-O";
				VALIDATE_PRODUCT = YES;
			};
			name = Release;
		};
		340AC94523D705E200DBABAD /* Debug */ = {
			isa = XCBuildConfiguration;
			buildSettings = {
				ALWAYS_EMBED_SWIFT_STANDARD_LIBRARIES = YES;
				ASSETCATALOG_COMPILER_APPICON_NAME = AppIcon;
				CODE_SIGN_STYLE = Automatic;
				DEVELOPMENT_TEAM = TMG254D42M;
				INFOPLIST_FILE = VisionDemo/Info.plist;
				LD_RUNPATH_SEARCH_PATHS = (
					"$(inherited)",
					"@executable_path/Frameworks",
				);
				PRODUCT_BUNDLE_IDENTIFIER = com.tokopedia.VisionDemo;
				PRODUCT_NAME = "$(TARGET_NAME)";
				SWIFT_VERSION = 5.0;
				TARGETED_DEVICE_FAMILY = "1,2";
			};
			name = Debug;
		};
		340AC94623D705E200DBABAD /* Release */ = {
			isa = XCBuildConfiguration;
			buildSettings = {
				ALWAYS_EMBED_SWIFT_STANDARD_LIBRARIES = YES;
				ASSETCATALOG_COMPILER_APPICON_NAME = AppIcon;
				CODE_SIGN_STYLE = Automatic;
				DEVELOPMENT_TEAM = TMG254D42M;
				INFOPLIST_FILE = VisionDemo/Info.plist;
				LD_RUNPATH_SEARCH_PATHS = (
					"$(inherited)",
					"@executable_path/Frameworks",
				);
				PRODUCT_BUNDLE_IDENTIFIER = com.tokopedia.VisionDemo;
				PRODUCT_NAME = "$(TARGET_NAME)";
				SWIFT_VERSION = 5.0;
				TARGETED_DEVICE_FAMILY = "1,2";
			};
			name = Release;
		};
		347668B723DAD6C700EF23F0 /* Debug */ = {
			isa = XCBuildConfiguration;
			buildSettings = {
				BUNDLE_LOADER = "$(TEST_HOST)";
				CODE_SIGN_STYLE = Automatic;
				DEVELOPMENT_TEAM = TMG254D42M;
				INFOPLIST_FILE = VisionDemoTests/Info.plist;
				LD_RUNPATH_SEARCH_PATHS = (
					"$(inherited)",
					"@executable_path/Frameworks",
					"@loader_path/Frameworks",
				);
				PRODUCT_BUNDLE_IDENTIFIER = com.tokopedia.VisionDemoTests;
				PRODUCT_NAME = "$(TARGET_NAME)";
				SWIFT_VERSION = 5.0;
				TARGETED_DEVICE_FAMILY = "1,2";
				TEST_HOST = "$(BUILT_PRODUCTS_DIR)/VisionDemo.app/VisionDemo";
			};
			name = Debug;
		};
		347668B823DAD6C700EF23F0 /* Release */ = {
			isa = XCBuildConfiguration;
			buildSettings = {
				BUNDLE_LOADER = "$(TEST_HOST)";
				CODE_SIGN_STYLE = Automatic;
				DEVELOPMENT_TEAM = TMG254D42M;
				INFOPLIST_FILE = VisionDemoTests/Info.plist;
				LD_RUNPATH_SEARCH_PATHS = (
					"$(inherited)",
					"@executable_path/Frameworks",
					"@loader_path/Frameworks",
				);
				PRODUCT_BUNDLE_IDENTIFIER = com.tokopedia.VisionDemoTests;
				PRODUCT_NAME = "$(TARGET_NAME)";
				SWIFT_VERSION = 5.0;
				TARGETED_DEVICE_FAMILY = "1,2";
				TEST_HOST = "$(BUILT_PRODUCTS_DIR)/VisionDemo.app/VisionDemo";
			};
			name = Release;
		};
		347668C723DAEDCE00EF23F0 /* Debug */ = {
			isa = XCBuildConfiguration;
			buildSettings = {
				CODE_SIGN_STYLE = Automatic;
				DEVELOPMENT_TEAM = TMG254D42M;
				INFOPLIST_FILE = TokoKeyboard/Info.plist;
				LD_RUNPATH_SEARCH_PATHS = (
					"$(inherited)",
					"@executable_path/Frameworks",
					"@executable_path/../../Frameworks",
				);
				PRODUCT_BUNDLE_IDENTIFIER = com.tokopedia.VisionDemo.TokoKeyboard;
				PRODUCT_NAME = "$(TARGET_NAME)";
				SKIP_INSTALL = YES;
				SWIFT_VERSION = 5.0;
				TARGETED_DEVICE_FAMILY = "1,2";
			};
			name = Debug;
		};
		347668C823DAEDCE00EF23F0 /* Release */ = {
			isa = XCBuildConfiguration;
			buildSettings = {
				CODE_SIGN_STYLE = Automatic;
				DEVELOPMENT_TEAM = TMG254D42M;
				INFOPLIST_FILE = TokoKeyboard/Info.plist;
				LD_RUNPATH_SEARCH_PATHS = (
					"$(inherited)",
					"@executable_path/Frameworks",
					"@executable_path/../../Frameworks",
				);
				PRODUCT_BUNDLE_IDENTIFIER = com.tokopedia.VisionDemo.TokoKeyboard;
				PRODUCT_NAME = "$(TARGET_NAME)";
				SKIP_INSTALL = YES;
				SWIFT_VERSION = 5.0;
				TARGETED_DEVICE_FAMILY = "1,2";
			};
			name = Release;
		};
/* End XCBuildConfiguration section */

/* Begin XCConfigurationList section */
		340AC92B23D705E000DBABAD /* Build configuration list for PBXProject "VisionDemo" */ = {
			isa = XCConfigurationList;
			buildConfigurations = (
				340AC94223D705E200DBABAD /* Debug */,
				340AC94323D705E200DBABAD /* Release */,
			);
			defaultConfigurationIsVisible = 0;
			defaultConfigurationName = Release;
		};
		340AC94423D705E200DBABAD /* Build configuration list for PBXNativeTarget "VisionDemo" */ = {
			isa = XCConfigurationList;
			buildConfigurations = (
				340AC94523D705E200DBABAD /* Debug */,
				340AC94623D705E200DBABAD /* Release */,
			);
			defaultConfigurationIsVisible = 0;
			defaultConfigurationName = Release;
		};
		347668B923DAD6C700EF23F0 /* Build configuration list for PBXNativeTarget "VisionDemoTests" */ = {
			isa = XCConfigurationList;
			buildConfigurations = (
				347668B723DAD6C700EF23F0 /* Debug */,
				347668B823DAD6C700EF23F0 /* Release */,
			);
			defaultConfigurationIsVisible = 0;
			defaultConfigurationName = Release;
		};
		347668C923DAEDCE00EF23F0 /* Build configuration list for PBXNativeTarget "TokoKeyboard" */ = {
			isa = XCConfigurationList;
			buildConfigurations = (
				347668C723DAEDCE00EF23F0 /* Debug */,
				347668C823DAEDCE00EF23F0 /* Release */,
			);
			defaultConfigurationIsVisible = 0;
			defaultConfigurationName = Release;
		};
/* End XCConfigurationList section */
	};
	rootObject = 340AC92823D705E000DBABAD /* Project object */;
}
